<?xml version="1.0" encoding="UTF-8" standalone="yes" ?>
<CodeBlocks_project_file>
	<FileVersion major="1" minor="6" />
	<Project>
		<Option title="sampler" />
		<Option platforms="Unix;" />
		<Option pch_mode="2" />
		<Option compiler="gcc" />
		<Option virtualFolders="controller/;externals/;sample/;midi/;application/;helpers/;device/;display/;" />
		<Build>
			<Target title="default">
				<Option platforms="Unix;" />
				<Option output="../sampler.elf" prefix_auto="0" extension_auto="0" />
				<Option working_dir="../" />
				<Option type="1" />
				<Option compiler="gcc" />
				<Option projectCompilerOptionsRelation="1" />
				<Compiler>
					<Add option="-std=c++11" />
					<Add option="-g" />
					<Add directory="src" />
				</Compiler>
				<Linker>
					<Add library="libasound" />
					<Add library="libpthread" />
				</Linker>
			</Target>
		</Build>
		<Compiler>
			<Add option="-Wall" />
			<Add option="-std=c++11" />
			<Add option="-g" />
			<Add directory="src" />
		</Compiler>
		<Unit filename=".gitignore" />
		<Unit filename="Makefile" />
		<Unit filename="README.md" />
		<Unit filename="run-pc.sh" />
		<Unit filename="run-raspberry.sh" />
		<Unit filename="src/bank.cpp">
			<Option virtualFolder="sample/" />
		</Unit>
		<Unit filename="src/bank.h">
			<Option virtualFolder="sample/" />
		</Unit>
		<Unit filename="src/button.cpp">
			<Option virtualFolder="controller/" />
		</Unit>
		<Unit filename="src/button.h">
			<Option virtualFolder="controller/" />
		</Unit>
		<Unit filename="src/config.h">
			<Option virtualFolder="application/" />
		</Unit>
		<Unit filename="src/controller.cpp">
			<Option virtualFolder="controller/" />
		</Unit>
		<Unit filename="src/controller.h">
			<Option virtualFolder="controller/" />
		</Unit>
		<Unit filename="src/device.cpp">
			<Option virtualFolder="device/" />
		</Unit>
		<Unit filename="src/device.h">
			<Option virtualFolder="device/" />
		</Unit>
		<Unit filename="src/display.cpp">
			<Option virtualFolder="display/" />
		</Unit>
		<Unit filename="src/display.h">
			<Option virtualFolder="display/" />
		</Unit>
		<Unit filename="src/display.py">
			<Option virtualFolder="display/" />
		</Unit>
		<Unit filename="src/error.cpp">
			<Option virtualFolder="helpers/" />
		</Unit>
		<Unit filename="src/error.h">
			<Option virtualFolder="helpers/" />
		</Unit>
		<Unit filename="src/includes.h">
			<Option virtualFolder="application/" />
		</Unit>
		<Unit filename="src/knob.cpp">
			<Option virtualFolder="controller/" />
		</Unit>
		<Unit filename="src/knob.h">
			<Option virtualFolder="controller/" />
		</Unit>
		<Unit filename="src/log.cpp">
			<Option virtualFolder="helpers/" />
		</Unit>
		<Unit filename="src/log.h">
			<Option virtualFolder="helpers/" />
		</Unit>
		<Unit filename="src/main.cpp">
			<Option virtualFolder="application/" />
		</Unit>
		<Unit filename="src/midi.cpp">
			<Option virtualFolder="midi/" />
		</Unit>
		<Unit filename="src/midi.h">
			<Option virtualFolder="midi/" />
		</Unit>
		<Unit filename="src/sample.cpp">
			<Option virtualFolder="sample/" />
		</Unit>
		<Unit filename="src/sample.h">
			<Option virtualFolder="sample/" />
		</Unit>
		<Unit filename="src/voice.cpp">
			<Option virtualFolder="device/" />
		</Unit>
		<Unit filename="src/voice.h">
			<Option virtualFolder="device/" />
		</Unit>
		<Unit filename="src/wav.cpp">
			<Option virtualFolder="sample/" />
		</Unit>
		<Unit filename="src/wav.h">
			<Option virtualFolder="sample/" />
		</Unit>
		<Extensions>
			<code_completion />
			<debugger />
		</Extensions>
	</Project>
</CodeBlocks_project_file>
